Microsoft Visual Studio Solution File, Format Version 12.00
# Visual Studio Version 17
VisualStudioVersion = 17.5.2.0
MinimumVisualStudioVersion = 10.0.40219.1
Project("{FAE04EC0-301F-11D3-BF4B-00C04F79EFBC}") = "ClaseUno", "ClaseUno.csproj", "{81668DF8-7C20-091E-4ACD-0E4B37D328AA}"
EndProject
Global
	GlobalSection(SolutionConfigurationPlatforms) = preSolution
		Debug|Any CPU = Debug|Any CPU
		Release|Any CPU = Release|Any CPU
	EndGlobalSection
	GlobalSection(ProjectConfigurationPlatforms) = postSolution
		{81668DF8-7C20-091E-4ACD-0E4B37D328AA}.Debug|Any CPU.ActiveCfg = Debug|Any CPU
		{81668DF8-7C20-091E-4ACD-0E4B37D328AA}.Debug|Any CPU.Build.0 = Debug|Any CPU
		{81668DF8-7C20-091E-4ACD-0E4B37D328AA}.Release|Any CPU.ActiveCfg = Release|Any CPU
		{81668DF8-7C20-091E-4ACD-0E4B37D328AA}.Release|Any CPU.Build.0 = Release|Any CPU
	EndGlobalSection
	GlobalSection(SolutionProperties) = preSolution
		HideSolutionNode = FALSE
	EndGlobalSection
	GlobalSection(ExtensibilityGlobals) = postSolution
		SolutionGuid = {B313BB74-8310-4055-B1F7-93F7D18BB137}
	EndGlobalSection
EndGlobal
